<?xml version="1.0" encoding="UTF-8" standalone="yes" ?>
<CodeBlocks_project_file>
	<FileVersion major="1" minor="6" />
	<Project>
		<Option title="Wolf-RL" />
		<Option pch_mode="2" />
		<Option compiler="gcc" />
		<Build>
			<Target title="Debug">
				<Option output="bin/Debug/Wolf-RL" prefix_auto="1" extension_auto="1" />
				<Option object_output="obj/Debug/" />
				<Option type="1" />
				<Option compiler="gcc" />
				<Option use_console_runner="0" />
				<Compiler>
					<Add option="-g" />
				</Compiler>
			</Target>
			<Target title="Release">
				<Option output="bin/Release/MainMenu" prefix_auto="1" extension_auto="1" />
				<Option object_output="obj/Release/" />
				<Option type="1" />
				<Option compiler="gcc" />
				<Compiler>
					<Add option="-O2" />
				</Compiler>
				<Linker>
					<Add option="-s" />
				</Linker>
			</Target>
		</Build>
		<Compiler>
			<Add option="-Wall" />
			<Add option="-fexceptions" />
			<Add directory="C:/SDL2/i686-w64-mingw32/include/SDL2" />
			<Add directory="C:/SDL2/SDL2_image-2.0.0/i686-w64-mingw32/include/SDL2" />
			<Add directory="C:/SDL2/SDL2_ttf-2.0.12/i686-w64-mingw32/include/SDL2" />
			<Add directory="C:/SDL2/SDL2_mixer-2.0.0" />
		</Compiler>
		<Linker>
			<Add option="-lmingw32 -lSDL2main -lSDL2 -lSDL2_image -lSDL2_mixer -lSDL2_ttf" />
			<Add directory="C:/SDL2/i686-w64-mingw32/lib" />
			<Add directory="C:/SDL2/SDL2_image-2.0.0/i686-w64-mingw32/lib" />
			<Add directory="C:/SDL2/SDL2_ttf-2.0.12/i686-w64-mingw32/lib" />
			<Add directory="C:/SDL2/SDL2_mixer-2.0.0" />
		</Linker>
		<Unit filename="Entidad.cpp" />
		<Unit filename="Entidad.h" />
		<Unit filename="Enviroment.cpp">
			<Option target="&lt;{~None~}&gt;" />
		</Unit>
		<Unit filename="Enviroment.h" />
		<Unit filename="Jugador.cpp" />
		<Unit filename="Jugador.h" />
		<Unit filename="NPC.cpp" />
		<Unit filename="NPC.h" />
		<Unit filename="Narrator.h" />
		<Unit filename="Personajes.cpp" />
		<Unit filename="Personajes.h" />
		<Unit filename="Strings.h" />
		<Unit filename="Tile.cpp" />
		<Unit filename="Tile.h" />
		<Unit filename="WallTile.cpp">
			<Option target="&lt;{~None~}&gt;" />
		</Unit>
		<Unit filename="WallTile.h">
			<Option target="&lt;{~None~}&gt;" />
		</Unit>
		<Unit filename="main.cpp" />
		<Extensions>
			<code_completion />
			<envvars />
			<debugger />
			<lib_finder disable_auto="1" />
		</Extensions>
	</Project>
</CodeBlocks_project_file>
